{
  "name": "token",
  "version": "1.0.0",
  "lockfileVersion": 3,
  "requires": true,
  "packages": {
    "": {
      "name": "token",
      "version": "1.0.0",
      "license": "ISC",
      "dependencies": {
        "jsrsasign": "^11.1.0"
      }
    },
    "node_modules/jsrsasign": {
      "version": "11.1.0",
      "resolved": "https://registry.npmjs.org/jsrsasign/-/jsrsasign-11.1.0.tgz",
      "integrity": "sha512-Ov74K9GihaK9/9WncTe1mPmvrO7Py665TUfUKvraXBpu+xcTWitrtuOwcjf4KMU9maPaYn0OuaWy0HOzy/GBXg==",
      "funding": {
        "url": "https://github.com/kjur/jsrsasign#donations"
      }
    }
  }
}
